{
  "name": "EX",
  "lockfileVersion": 3,
  "requires": true,
  "packages": {
    "": {
      "dependencies": {
        "lil-gui": "^0.20.0"
      }
    },
    "node_modules/lil-gui": {
      "version": "0.20.0",
      "resolved": "https://registry.npmjs.org/lil-gui/-/lil-gui-0.20.0.tgz",
      "integrity": "sha512-k7Ipr0ztqslMA2XvM5z5ZaWhxQtnEOwJBfI/hmSuRh6q4iMG9L0boqqrnZSzBR1jzyJ28OMl47l65ILzRe1TdA==",
      "license": "MIT"
    }
  }
}
